// !$*UTF8*$!
{
	archiveVersion = 1;
	classes = {
	};
	objectVersion = 50;
	objects = {

/* Begin PBXBuildFile section */
		0630FB672208189700A0F10D /* DateUtil.swift in Sources */ = {isa = PBXBuildFile; fileRef = 0630FB662208189700A0F10D /* DateUtil.swift */; };
		063C6F462208B4D5006FC883 /* StockServiceApiClient.swift in Sources */ = {isa = PBXBuildFile; fileRef = 063C6F452208B4D5006FC883 /* StockServiceApiClient.swift */; };
		063C6F4822095444006FC883 /* StockQuoteNetworkAPITest.swift in Sources */ = {isa = PBXBuildFile; fileRef = 063C6F4722095444006FC883 /* StockQuoteNetworkAPITest.swift */; };
		063C6F4D22096A77006FC883 /* StockResults.json in Resources */ = {isa = PBXBuildFile; fileRef = 063C6F4C22096A77006FC883 /* StockResults.json */; };
		0685D8F421FE3B2100F1CEE5 /* AppDelegate.swift in Sources */ = {isa = PBXBuildFile; fileRef = 0685D8F321FE3B2100F1CEE5 /* AppDelegate.swift */; };
		0685D8F921FE3B2100F1CEE5 /* Main.storyboard in Resources */ = {isa = PBXBuildFile; fileRef = 0685D8F721FE3B2100F1CEE5 /* Main.storyboard */; };
		0685D8FB21FE3B2300F1CEE5 /* Assets.xcassets in Resources */ = {isa = PBXBuildFile; fileRef = 0685D8FA21FE3B2300F1CEE5 /* Assets.xcassets */; };
		0685D8FE21FE3B2300F1CEE5 /* LaunchScreen.storyboard in Resources */ = {isa = PBXBuildFile; fileRef = 0685D8FC21FE3B2300F1CEE5 /* LaunchScreen.storyboard */; };
		0685D91421FE3B2300F1CEE5 /* StockQuoteUITests.swift in Sources */ = {isa = PBXBuildFile; fileRef = 0685D91321FE3B2300F1CEE5 /* StockQuoteUITests.swift */; };
		0685D92621FE3BF900F1CEE5 /* StockListTableViewController.swift in Sources */ = {isa = PBXBuildFile; fileRef = 0685D92521FE3BF900F1CEE5 /* StockListTableViewController.swift */; };
		0685D92821FE3C5400F1CEE5 /* StockModel.swift in Sources */ = {isa = PBXBuildFile; fileRef = 0685D92721FE3C5400F1CEE5 /* StockModel.swift */; };
		0685D92B21FE7DA400F1CEE5 /* StockService.swift in Sources */ = {isa = PBXBuildFile; fileRef = 0685D92A21FE7DA400F1CEE5 /* StockService.swift */; };
		0685D92D21FE8A9000F1CEE5 /* DetailStockViewController.swift in Sources */ = {isa = PBXBuildFile; fileRef = 0685D92C21FE8A9000F1CEE5 /* DetailStockViewController.swift */; };
		0685D92F21FE8AEA00F1CEE5 /* StockTableViewCell.swift in Sources */ = {isa = PBXBuildFile; fileRef = 0685D92E21FE8AEA00F1CEE5 /* StockTableViewCell.swift */; };
		44B05A85991A9AE53D5581C5 /* Pods_StockQuoteUITests.framework in Frameworks */ = {isa = PBXBuildFile; fileRef = 95BCF4EF4919C83BBB750EDA /* Pods_StockQuoteUITests.framework */; };
		CC70AFFCE5EC6472770203E1 /* Pods_StockQuoteTests.framework in Frameworks */ = {isa = PBXBuildFile; fileRef = 1ED2F367B60CF67A3A050449 /* Pods_StockQuoteTests.framework */; };
		CE43463AE225E3B977A71B30 /* Pods_StockQuote.framework in Frameworks */ = {isa = PBXBuildFile; fileRef = 4EAD9F8AE84AE55D8636EE90 /* Pods_StockQuote.framework */; };
/* End PBXBuildFile section */

/* Begin PBXContainerItemProxy section */
		0685D90521FE3B2300F1CEE5 /* PBXContainerItemProxy */ = {
			isa = PBXContainerItemProxy;
			containerPortal = 0685D8E821FE3B2100F1CEE5 /* Project object */;
			proxyType = 1;
			remoteGlobalIDString = 0685D8EF21FE3B2100F1CEE5;
			remoteInfo = StockQuote;
		};
		0685D91021FE3B2300F1CEE5 /* PBXContainerItemProxy */ = {
			isa = PBXContainerItemProxy;
			containerPortal = 0685D8E821FE3B2100F1CEE5 /* Project object */;
			proxyType = 1;
			remoteGlobalIDString = 0685D8EF21FE3B2100F1CEE5;
			remoteInfo = StockQuote;
		};
/* End PBXContainerItemProxy section */

/* Begin PBXFileReference section */
		0630FB662208189700A0F10D /* DateUtil.swift */ = {isa = PBXFileReference; fileEncoding = 4; lastKnownFileType = sourcecode.swift; path = DateUtil.swift; sourceTree = "<group>"; };
		063C6F452208B4D5006FC883 /* StockServiceApiClient.swift */ = {isa = PBXFileReference; lastKnownFileType = sourcecode.swift; path = StockServiceApiClient.swift; sourceTree = "<group>"; };
		063C6F4722095444006FC883 /* StockQuoteNetworkAPITest.swift */ = {isa = PBXFileReference; lastKnownFileType = sourcecode.swift; path = StockQuoteNetworkAPITest.swift; sourceTree = "<group>"; };
		063C6F4C22096A77006FC883 /* StockResults.json */ = {isa = PBXFileReference; fileEncoding = 4; lastKnownFileType = text.json; path = StockResults.json; sourceTree = "<group>"; };
		0685D8F021FE3B2100F1CEE5 /* StockQuote.app */ = {isa = PBXFileReference; explicitFileType = wrapper.application; includeInIndex = 0; path = StockQuote.app; sourceTree = BUILT_PRODUCTS_DIR; };
		0685D8F321FE3B2100F1CEE5 /* AppDelegate.swift */ = {isa = PBXFileReference; lastKnownFileType = sourcecode.swift; path = AppDelegate.swift; sourceTree = "<group>"; };
		0685D8F821FE3B2100F1CEE5 /* Base */ = {isa = PBXFileReference; lastKnownFileType = file.storyboard; name = Base; path = Base.lproj/Main.storyboard; sourceTree = "<group>"; };
		0685D8FA21FE3B2300F1CEE5 /* Assets.xcassets */ = {isa = PBXFileReference; lastKnownFileType = folder.assetcatalog; path = Assets.xcassets; sourceTree = "<group>"; };
		0685D8FD21FE3B2300F1CEE5 /* Base */ = {isa = PBXFileReference; lastKnownFileType = file.storyboard; name = Base; path = Base.lproj/LaunchScreen.storyboard; sourceTree = "<group>"; };
		0685D8FF21FE3B2300F1CEE5 /* Info.plist */ = {isa = PBXFileReference; lastKnownFileType = text.plist.xml; path = Info.plist; sourceTree = "<group>"; };
		0685D90421FE3B2300F1CEE5 /* StockQuoteTests.xctest */ = {isa = PBXFileReference; explicitFileType = wrapper.cfbundle; includeInIndex = 0; path = StockQuoteTests.xctest; sourceTree = BUILT_PRODUCTS_DIR; };
		0685D90A21FE3B2300F1CEE5 /* Info.plist */ = {isa = PBXFileReference; lastKnownFileType = text.plist.xml; path = Info.plist; sourceTree = "<group>"; };
		0685D90F21FE3B2300F1CEE5 /* StockQuoteUITests.xctest */ = {isa = PBXFileReference; explicitFileType = wrapper.cfbundle; includeInIndex = 0; path = StockQuoteUITests.xctest; sourceTree = BUILT_PRODUCTS_DIR; };
		0685D91321FE3B2300F1CEE5 /* StockQuoteUITests.swift */ = {isa = PBXFileReference; lastKnownFileType = sourcecode.swift; path = StockQuoteUITests.swift; sourceTree = "<group>"; };
		0685D91521FE3B2300F1CEE5 /* Info.plist */ = {isa = PBXFileReference; lastKnownFileType = text.plist.xml; path = Info.plist; sourceTree = "<group>"; };
		0685D92521FE3BF900F1CEE5 /* StockListTableViewController.swift */ = {isa = PBXFileReference; lastKnownFileType = sourcecode.swift; path = StockListTableViewController.swift; sourceTree = "<group>"; };
		0685D92721FE3C5400F1CEE5 /* StockModel.swift */ = {isa = PBXFileReference; lastKnownFileType = sourcecode.swift; path = StockModel.swift; sourceTree = "<group>"; };
		0685D92A21FE7DA400F1CEE5 /* StockService.swift */ = {isa = PBXFileReference; lastKnownFileType = sourcecode.swift; path = StockService.swift; sourceTree = "<group>"; };
		0685D92C21FE8A9000F1CEE5 /* DetailStockViewController.swift */ = {isa = PBXFileReference; lastKnownFileType = sourcecode.swift; path = DetailStockViewController.swift; sourceTree = "<group>"; };
		0685D92E21FE8AEA00F1CEE5 /* StockTableViewCell.swift */ = {isa = PBXFileReference; lastKnownFileType = sourcecode.swift; path = StockTableViewCell.swift; sourceTree = "<group>"; };
		0F575F4462B8A05B18A9F732 /* Pods-StockQuoteUITests.debug.xcconfig */ = {isa = PBXFileReference; includeInIndex = 1; lastKnownFileType = text.xcconfig; name = "Pods-StockQuoteUITests.debug.xcconfig"; path = "Pods/Target Support Files/Pods-StockQuoteUITests/Pods-StockQuoteUITests.debug.xcconfig"; sourceTree = "<group>"; };
		1ED2F367B60CF67A3A050449 /* Pods_StockQuoteTests.framework */ = {isa = PBXFileReference; explicitFileType = wrapper.framework; includeInIndex = 0; path = Pods_StockQuoteTests.framework; sourceTree = BUILT_PRODUCTS_DIR; };
		4A5AA4CA4BEB64F5F3BEC469 /* Pods-StockQuote.debug.xcconfig */ = {isa = PBXFileReference; includeInIndex = 1; lastKnownFileType = text.xcconfig; name = "Pods-StockQuote.debug.xcconfig"; path = "Pods/Target Support Files/Pods-StockQuote/Pods-StockQuote.debug.xcconfig"; sourceTree = "<group>"; };
		4EAD9F8AE84AE55D8636EE90 /* Pods_StockQuote.framework */ = {isa = PBXFileReference; explicitFileType = wrapper.framework; includeInIndex = 0; path = Pods_StockQuote.framework; sourceTree = BUILT_PRODUCTS_DIR; };
		95BCF4EF4919C83BBB750EDA /* Pods_StockQuoteUITests.framework */ = {isa = PBXFileReference; explicitFileType = wrapper.framework; includeInIndex = 0; path = Pods_StockQuoteUITests.framework; sourceTree = BUILT_PRODUCTS_DIR; };
		B48005CAC0C9F1076036A317 /* Pods-StockQuoteUITests.release.xcconfig */ = {isa = PBXFileReference; includeInIndex = 1; lastKnownFileType = text.xcconfig; name = "Pods-StockQuoteUITests.release.xcconfig"; path = "Pods/Target Support Files/Pods-StockQuoteUITests/Pods-StockQuoteUITests.release.xcconfig"; sourceTree = "<group>"; };
		BD76B6961CD1BE83F9B30A79 /* Pods-StockQuoteTests.release.xcconfig */ = {isa = PBXFileReference; includeInIndex = 1; lastKnownFileType = text.xcconfig; name = "Pods-StockQuoteTests.release.xcconfig"; path = "Pods/Target Support Files/Pods-StockQuoteTests/Pods-StockQuoteTests.release.xcconfig"; sourceTree = "<group>"; };
		D08971217744F6AD0AAD3CF5 /* Pods-StockQuoteTests.debug.xcconfig */ = {isa = PBXFileReference; includeInIndex = 1; lastKnownFileType = text.xcconfig; name = "Pods-StockQuoteTests.debug.xcconfig"; path = "Pods/Target Support Files/Pods-StockQuoteTests/Pods-StockQuoteTests.debug.xcconfig"; sourceTree = "<group>"; };
		E1D6E4959E6DEF8771A1E905 /* Pods-StockQuote.release.xcconfig */ = {isa = PBXFileReference; includeInIndex = 1; lastKnownFileType = text.xcconfig; name = "Pods-StockQuote.release.xcconfig"; path = "Pods/Target Support Files/Pods-StockQuote/Pods-StockQuote.release.xcconfig"; sourceTree = "<group>"; };
/* End PBXFileReference section */

/* Begin PBXFrameworksBuildPhase section */
		0685D8ED21FE3B2100F1CEE5 /* Frameworks */ = {
			isa = PBXFrameworksBuildPhase;
			buildActionMask = 2147483647;
			files = (
				CE43463AE225E3B977A71B30 /* Pods_StockQuote.framework in Frameworks */,
			);
			runOnlyForDeploymentPostprocessing = 0;
		};
		0685D90121FE3B2300F1CEE5 /* Frameworks */ = {
			isa = PBXFrameworksBuildPhase;
			buildActionMask = 2147483647;
			files = (
				CC70AFFCE5EC6472770203E1 /* Pods_StockQuoteTests.framework in Frameworks */,
			);
			runOnlyForDeploymentPostprocessing = 0;
		};
		0685D90C21FE3B2300F1CEE5 /* Frameworks */ = {
			isa = PBXFrameworksBuildPhase;
			buildActionMask = 2147483647;
			files = (
				44B05A85991A9AE53D5581C5 /* Pods_StockQuoteUITests.framework in Frameworks */,
			);
			runOnlyForDeploymentPostprocessing = 0;
		};
/* End PBXFrameworksBuildPhase section */

/* Begin PBXGroup section */
		0630FB652208187D00A0F10D /* Util */ = {
			isa = PBXGroup;
			children = (
				0630FB662208189700A0F10D /* DateUtil.swift */,
			);
			path = Util;
			sourceTree = "<group>";
		};
		063C6F4B22096A77006FC883 /* Fixtures */ = {
			isa = PBXGroup;
			children = (
				063C6F4C22096A77006FC883 /* StockResults.json */,
			);
			name = Fixtures;
			path = TestNetworkLayerTests/Fixtures;
			sourceTree = SOURCE_ROOT;
		};
		0685D8E721FE3B2100F1CEE5 = {
			isa = PBXGroup;
			children = (
				0685D8F221FE3B2100F1CEE5 /* StockQuote */,
				0685D90721FE3B2300F1CEE5 /* StockQuoteTests */,
				0685D91221FE3B2300F1CEE5 /* StockQuoteUITests */,
				0685D8F121FE3B2100F1CEE5 /* Products */,
				44454A513BC5A7D2D903DE42 /* Pods */,
				94EEF5A27B58BA2E65E7C32C /* Frameworks */,
			);
			sourceTree = "<group>";
		};
		0685D8F121FE3B2100F1CEE5 /* Products */ = {
			isa = PBXGroup;
			children = (
				0685D8F021FE3B2100F1CEE5 /* StockQuote.app */,
				0685D90421FE3B2300F1CEE5 /* StockQuoteTests.xctest */,
				0685D90F21FE3B2300F1CEE5 /* StockQuoteUITests.xctest */,
			);
			name = Products;
			sourceTree = "<group>";
		};
		0685D8F221FE3B2100F1CEE5 /* StockQuote */ = {
			isa = PBXGroup;
			children = (
				0630FB652208187D00A0F10D /* Util */,
				0685D92921FE3C6500F1CEE5 /* StockService */,
				0685D92421FE3BA100F1CEE5 /* Model */,
				0685D92321FE3B9100F1CEE5 /* Controllers */,
				0685D92221FE3B8A00F1CEE5 /* Resources */,
				0685D92121FE3B7B00F1CEE5 /* Views */,
			);
			path = StockQuote;
			sourceTree = "<group>";
		};
		0685D90721FE3B2300F1CEE5 /* StockQuoteTests */ = {
			isa = PBXGroup;
			children = (
				063C6F4B22096A77006FC883 /* Fixtures */,
				0685D90A21FE3B2300F1CEE5 /* Info.plist */,
				063C6F4722095444006FC883 /* StockQuoteNetworkAPITest.swift */,
			);
			path = StockQuoteTests;
			sourceTree = "<group>";
		};
		0685D91221FE3B2300F1CEE5 /* StockQuoteUITests */ = {
			isa = PBXGroup;
			children = (
				0685D91321FE3B2300F1CEE5 /* StockQuoteUITests.swift */,
				0685D91521FE3B2300F1CEE5 /* Info.plist */,
			);
			path = StockQuoteUITests;
			sourceTree = "<group>";
		};
		0685D92121FE3B7B00F1CEE5 /* Views */ = {
			isa = PBXGroup;
			children = (
				0685D8F721FE3B2100F1CEE5 /* Main.storyboard */,
				0685D8FC21FE3B2300F1CEE5 /* LaunchScreen.storyboard */,
				0685D92E21FE8AEA00F1CEE5 /* StockTableViewCell.swift */,
			);
			path = Views;
			sourceTree = "<group>";
		};
		0685D92221FE3B8A00F1CEE5 /* Resources */ = {
			isa = PBXGroup;
			children = (
				0685D8F321FE3B2100F1CEE5 /* AppDelegate.swift */,
				0685D8FA21FE3B2300F1CEE5 /* Assets.xcassets */,
				0685D8FF21FE3B2300F1CEE5 /* Info.plist */,
			);
			path = Resources;
			sourceTree = "<group>";
		};
		0685D92321FE3B9100F1CEE5 /* Controllers */ = {
			isa = PBXGroup;
			children = (
				0685D92521FE3BF900F1CEE5 /* StockListTableViewController.swift */,
				0685D92C21FE8A9000F1CEE5 /* DetailStockViewController.swift */,
			);
			path = Controllers;
			sourceTree = "<group>";
		};
		0685D92421FE3BA100F1CEE5 /* Model */ = {
			isa = PBXGroup;
			children = (
				0685D92721FE3C5400F1CEE5 /* StockModel.swift */,
			);
			path = Model;
			sourceTree = "<group>";
		};
		0685D92921FE3C6500F1CEE5 /* StockService */ = {
			isa = PBXGroup;
			children = (
				0685D92A21FE7DA400F1CEE5 /* StockService.swift */,
				063C6F452208B4D5006FC883 /* StockServiceApiClient.swift */,
			);
			path = StockService;
			sourceTree = "<group>";
		};
		44454A513BC5A7D2D903DE42 /* Pods */ = {
			isa = PBXGroup;
			children = (
				4A5AA4CA4BEB64F5F3BEC469 /* Pods-StockQuote.debug.xcconfig */,
				E1D6E4959E6DEF8771A1E905 /* Pods-StockQuote.release.xcconfig */,
				D08971217744F6AD0AAD3CF5 /* Pods-StockQuoteTests.debug.xcconfig */,
				BD76B6961CD1BE83F9B30A79 /* Pods-StockQuoteTests.release.xcconfig */,
				0F575F4462B8A05B18A9F732 /* Pods-StockQuoteUITests.debug.xcconfig */,
				B48005CAC0C9F1076036A317 /* Pods-StockQuoteUITests.release.xcconfig */,
			);
			name = Pods;
			sourceTree = "<group>";
		};
		94EEF5A27B58BA2E65E7C32C /* Frameworks */ = {
			isa = PBXGroup;
			children = (
				4EAD9F8AE84AE55D8636EE90 /* Pods_StockQuote.framework */,
				1ED2F367B60CF67A3A050449 /* Pods_StockQuoteTests.framework */,
				95BCF4EF4919C83BBB750EDA /* Pods_StockQuoteUITests.framework */,
			);
			name = Frameworks;
			sourceTree = "<group>";
		};
/* End PBXGroup section */

/* Begin PBXNativeTarget section */
		0685D8EF21FE3B2100F1CEE5 /* StockQuote */ = {
			isa = PBXNativeTarget;
			buildConfigurationList = 0685D91821FE3B2300F1CEE5 /* Build configuration list for PBXNativeTarget "StockQuote" */;
			buildPhases = (
				97FBE1342E5C2558E65B9EFE /* [CP] Check Pods Manifest.lock */,
				0685D8EC21FE3B2100F1CEE5 /* Sources */,
				0685D8ED21FE3B2100F1CEE5 /* Frameworks */,
				0685D8EE21FE3B2100F1CEE5 /* Resources */,
			);
			buildRules = (
			);
			dependencies = (
			);
			name = StockQuote;
			productName = StockQuote;
			productReference = 0685D8F021FE3B2100F1CEE5 /* StockQuote.app */;
			productType = "com.apple.product-type.application";
		};
		0685D90321FE3B2300F1CEE5 /* StockQuoteTests */ = {
			isa = PBXNativeTarget;
			buildConfigurationList = 0685D91B21FE3B2300F1CEE5 /* Build configuration list for PBXNativeTarget "StockQuoteTests" */;
			buildPhases = (
				1FE10A8413E74C5DB183AB66 /* [CP] Check Pods Manifest.lock */,
				0685D90021FE3B2300F1CEE5 /* Sources */,
				0685D90121FE3B2300F1CEE5 /* Frameworks */,
				0685D90221FE3B2300F1CEE5 /* Resources */,
				F204B65F1A3F613777BA4B2E /* [CP] Embed Pods Frameworks */,
			);
			buildRules = (
			);
			dependencies = (
				0685D90621FE3B2300F1CEE5 /* PBXTargetDependency */,
			);
			name = StockQuoteTests;
			productName = StockQuoteTests;
			productReference = 0685D90421FE3B2300F1CEE5 /* StockQuoteTests.xctest */;
			productType = "com.apple.product-type.bundle.unit-test";
		};
		0685D90E21FE3B2300F1CEE5 /* StockQuoteUITests */ = {
			isa = PBXNativeTarget;
			buildConfigurationList = 0685D91E21FE3B2300F1CEE5 /* Build configuration list for PBXNativeTarget "StockQuoteUITests" */;
			buildPhases = (
				322258F815546A1269EE74F5 /* [CP] Check Pods Manifest.lock */,
				0685D90B21FE3B2300F1CEE5 /* Sources */,
				0685D90C21FE3B2300F1CEE5 /* Frameworks */,
				0685D90D21FE3B2300F1CEE5 /* Resources */,
			);
			buildRules = (
			);
			dependencies = (
				0685D91121FE3B2300F1CEE5 /* PBXTargetDependency */,
			);
			name = StockQuoteUITests;
			productName = StockQuoteUITests;
			productReference = 0685D90F21FE3B2300F1CEE5 /* StockQuoteUITests.xctest */;
			productType = "com.apple.product-type.bundle.ui-testing";
		};
/* End PBXNativeTarget section */

/* Begin PBXProject section */
		0685D8E821FE3B2100F1CEE5 /* Project object */ = {
			isa = PBXProject;
			attributes = {
				LastSwiftUpdateCheck = 1010;
				LastUpgradeCheck = 1010;
				ORGANIZATIONNAME = "Huzaifa Gadiwala";
				TargetAttributes = {
					0685D8EF21FE3B2100F1CEE5 = {
						CreatedOnToolsVersion = 10.1;
					};
					0685D90321FE3B2300F1CEE5 = {
						CreatedOnToolsVersion = 10.1;
						TestTargetID = 0685D8EF21FE3B2100F1CEE5;
					};
					0685D90E21FE3B2300F1CEE5 = {
						CreatedOnToolsVersion = 10.1;
						TestTargetID = 0685D8EF21FE3B2100F1CEE5;
					};
				};
			};
			buildConfigurationList = 0685D8EB21FE3B2100F1CEE5 /* Build configuration list for PBXProject "StockQuote" */;
			compatibilityVersion = "Xcode 9.3";
			developmentRegion = en;
			hasScannedForEncodings = 0;
			knownRegions = (
				en,
				Base,
			);
			mainGroup = 0685D8E721FE3B2100F1CEE5;
			productRefGroup = 0685D8F121FE3B2100F1CEE5 /* Products */;
			projectDirPath = "";
			projectRoot = "";
			targets = (
				0685D8EF21FE3B2100F1CEE5 /* StockQuote */,
				0685D90321FE3B2300F1CEE5 /* StockQuoteTests */,
				0685D90E21FE3B2300F1CEE5 /* StockQuoteUITests */,
			);
		};
/* End PBXProject section */

/* Begin PBXResourcesBuildPhase section */
		0685D8EE21FE3B2100F1CEE5 /* Resources */ = {
			isa = PBXResourcesBuildPhase;
			buildActionMask = 2147483647;
			files = (
				0685D8FE21FE3B2300F1CEE5 /* LaunchScreen.storyboard in Resources */,
				0685D8FB21FE3B2300F1CEE5 /* Assets.xcassets in Resources */,
				0685D8F921FE3B2100F1CEE5 /* Main.storyboard in Resources */,
			);
			runOnlyForDeploymentPostprocessing = 0;
		};
		0685D90221FE3B2300F1CEE5 /* Resources */ = {
			isa = PBXResourcesBuildPhase;
			buildActionMask = 2147483647;
			files = (
				063C6F4D22096A77006FC883 /* StockResults.json in Resources */,
			);
			runOnlyForDeploymentPostprocessing = 0;
		};
		0685D90D21FE3B2300F1CEE5 /* Resources */ = {
			isa = PBXResourcesBuildPhase;
			buildActionMask = 2147483647;
			files = (
			);
			runOnlyForDeploymentPostprocessing = 0;
		};
/* End PBXResourcesBuildPhase section */

/* Begin PBXShellScriptBuildPhase section */
		1FE10A8413E74C5DB183AB66 /* [CP] Check Pods Manifest.lock */ = {
			isa = PBXShellScriptBuildPhase;
			buildActionMask = 2147483647;
			files = (
			);
			inputPaths = (
				"${PODS_PODFILE_DIR_PATH}/Podfile.lock",
				"${PODS_ROOT}/Manifest.lock",
			);
			name = "[CP] Check Pods Manifest.lock";
			outputPaths = (
				"$(DERIVED_FILE_DIR)/Pods-StockQuoteTests-checkManifestLockResult.txt",
			);
			runOnlyForDeploymentPostprocessing = 0;
			shellPath = /bin/sh;
			shellScript = "diff \"${PODS_PODFILE_DIR_PATH}/Podfile.lock\" \"${PODS_ROOT}/Manifest.lock\" > /dev/null\nif [ $? != 0 ] ; then\n    # print error to STDERR\n    echo \"error: The sandbox is not in sync with the Podfile.lock. Run 'pod install' or update your CocoaPods installation.\" >&2\n    exit 1\nfi\n# This output is used by Xcode 'outputs' to avoid re-running this script phase.\necho \"SUCCESS\" > \"${SCRIPT_OUTPUT_FILE_0}\"\n";
			showEnvVarsInLog = 0;
		};
		322258F815546A1269EE74F5 /* [CP] Check Pods Manifest.lock */ = {
			isa = PBXShellScriptBuildPhase;
			buildActionMask = 2147483647;
			files = (
			);
			inputPaths = (
				"${PODS_PODFILE_DIR_PATH}/Podfile.lock",
				"${PODS_ROOT}/Manifest.lock",
			);
			name = "[CP] Check Pods Manifest.lock";
			outputPaths = (
				"$(DERIVED_FILE_DIR)/Pods-StockQuoteUITests-checkManifestLockResult.txt",
			);
			runOnlyForDeploymentPostprocessing = 0;
			shellPath = /bin/sh;
			shellScript = "diff \"${PODS_PODFILE_DIR_PATH}/Podfile.lock\" \"${PODS_ROOT}/Manifest.lock\" > /dev/null\nif [ $? != 0 ] ; then\n    # print error to STDERR\n    echo \"error: The sandbox is not in sync with the Podfile.lock. Run 'pod install' or update your CocoaPods installation.\" >&2\n    exit 1\nfi\n# This output is used by Xcode 'outputs' to avoid re-running this script phase.\necho \"SUCCESS\" > \"${SCRIPT_OUTPUT_FILE_0}\"\n";
			showEnvVarsInLog = 0;
		};
		97FBE1342E5C2558E65B9EFE /* [CP] Check Pods Manifest.lock */ = {
			isa = PBXShellScriptBuildPhase;
			buildActionMask = 2147483647;
			files = (
			);
			inputPaths = (
				"${PODS_PODFILE_DIR_PATH}/Podfile.lock",
				"${PODS_ROOT}/Manifest.lock",
			);
			name = "[CP] Check Pods Manifest.lock";
			outputPaths = (
				"$(DERIVED_FILE_DIR)/Pods-StockQuote-checkManifestLockResult.txt",
			);
			runOnlyForDeploymentPostprocessing = 0;
			shellPath = /bin/sh;
			shellScript = "diff \"${PODS_PODFILE_DIR_PATH}/Podfile.lock\" \"${PODS_ROOT}/Manifest.lock\" > /dev/null\nif [ $? != 0 ] ; then\n    # print error to STDERR\n    echo \"error: The sandbox is not in sync with the Podfile.lock. Run 'pod install' or update your CocoaPods installation.\" >&2\n    exit 1\nfi\n# This output is used by Xcode 'outputs' to avoid re-running this script phase.\necho \"SUCCESS\" > \"${SCRIPT_OUTPUT_FILE_0}\"\n";
			showEnvVarsInLog = 0;
		};
		F204B65F1A3F613777BA4B2E /* [CP] Embed Pods Frameworks */ = {
			isa = PBXShellScriptBuildPhase;
			buildActionMask = 2147483647;
			files = (
			);
			inputPaths = (
				"${SRCROOT}/Pods/Target Support Files/Pods-StockQuoteTests/Pods-StockQuoteTests-frameworks.sh",
				"${BUILT_PRODUCTS_DIR}/Mockingjay/Mockingjay.framework",
				"${BUILT_PRODUCTS_DIR}/Nimble/Nimble.framework",
				"${BUILT_PRODUCTS_DIR}/Quick/Quick.framework",
				"${BUILT_PRODUCTS_DIR}/URITemplate/URITemplate.framework",
			);
			name = "[CP] Embed Pods Frameworks";
			outputPaths = (
				"${TARGET_BUILD_DIR}/${FRAMEWORKS_FOLDER_PATH}/Mockingjay.framework",
				"${TARGET_BUILD_DIR}/${FRAMEWORKS_FOLDER_PATH}/Nimble.framework",
				"${TARGET_BUILD_DIR}/${FRAMEWORKS_FOLDER_PATH}/Quick.framework",
				"${TARGET_BUILD_DIR}/${FRAMEWORKS_FOLDER_PATH}/URITemplate.framework",
			);
			runOnlyForDeploymentPostprocessing = 0;
			shellPath = /bin/sh;
			shellScript = "\"${SRCROOT}/Pods/Target Support Files/Pods-StockQuoteTests/Pods-StockQuoteTests-frameworks.sh\"\n";
			showEnvVarsInLog = 0;
		};
/* End PBXShellScriptBuildPhase section */

/* Begin PBXSourcesBuildPhase section */
		0685D8EC21FE3B2100F1CEE5 /* Sources */ = {
			isa = PBXSourcesBuildPhase;
			buildActionMask = 2147483647;
			files = (
				0685D92B21FE7DA400F1CEE5 /* StockService.swift in Sources */,
				0685D92621FE3BF900F1CEE5 /* StockListTableViewController.swift in Sources */,
				0685D92D21FE8A9000F1CEE5 /* DetailStockViewController.swift in Sources */,
				0685D8F421FE3B2100F1CEE5 /* AppDelegate.swift in Sources */,
				063C6F462208B4D5006FC883 /* StockServiceApiClient.swift in Sources */,
				0685D92F21FE8AEA00F1CEE5 /* StockTableViewCell.swift in Sources */,
				0685D92821FE3C5400F1CEE5 /* StockModel.swift in Sources */,
				0630FB672208189700A0F10D /* DateUtil.swift in Sources */,
			);
			runOnlyForDeploymentPostprocessing = 0;
		};
		0685D90021FE3B2300F1CEE5 /* Sources */ = {
			isa = PBXSourcesBuildPhase;
			buildActionMask = 2147483647;
			files = (
				063C6F4822095444006FC883 /* StockQuoteNetworkAPITest.swift in Sources */,
			);
			runOnlyForDeploymentPostprocessing = 0;
		};
		0685D90B21FE3B2300F1CEE5 /* Sources */ = {
			isa = PBXSourcesBuildPhase;
			buildActionMask = 2147483647;
			files = (
				0685D91421FE3B2300F1CEE5 /* StockQuoteUITests.swift in Sources */,
			);
			runOnlyForDeploymentPostprocessing = 0;
		};
/* End PBXSourcesBuildPhase section */

/* Begin PBXTargetDependency section */
		0685D90621FE3B2300F1CEE5 /* PBXTargetDependency */ = {
			isa = PBXTargetDependency;
			target = 0685D8EF21FE3B2100F1CEE5 /* StockQuote */;
			targetProxy = 0685D90521FE3B2300F1CEE5 /* PBXContainerItemProxy */;
		};
		0685D91121FE3B2300F1CEE5 /* PBXTargetDependency */ = {
			isa = PBXTargetDependency;
			target = 0685D8EF21FE3B2100F1CEE5 /* StockQuote */;
			targetProxy = 0685D91021FE3B2300F1CEE5 /* PBXContainerItemProxy */;
		};
/* End PBXTargetDependency section */

/* Begin PBXVariantGroup section */
		0685D8F721FE3B2100F1CEE5 /* Main.storyboard */ = {
			isa = PBXVariantGroup;
			children = (
				0685D8F821FE3B2100F1CEE5 /* Base */,
			);
			name = Main.storyboard;
			sourceTree = "<group>";
		};
		0685D8FC21FE3B2300F1CEE5 /* LaunchScreen.storyboard */ = {
			isa = PBXVariantGroup;
			children = (
				0685D8FD21FE3B2300F1CEE5 /* Base */,
			);
			name = LaunchScreen.storyboard;
			sourceTree = "<group>";
		};
/* End PBXVariantGroup section */

/* Begin XCBuildConfiguration section */
		0685D91621FE3B2300F1CEE5 /* Debug */ = {
			isa = XCBuildConfiguration;
			buildSettings = {
				ALWAYS_EMBED_SWIFT_STANDARD_LIBRARIES = YES;
				ALWAYS_SEARCH_USER_PATHS = NO;
				CLANG_ANALYZER_NONNULL = YES;
				CLANG_ANALYZER_NUMBER_OBJECT_CONVERSION = YES_AGGRESSIVE;
				CLANG_CXX_LANGUAGE_STANDARD = "gnu++14";
				CLANG_CXX_LIBRARY = "libc++";
				CLANG_ENABLE_MODULES = YES;
				CLANG_ENABLE_OBJC_ARC = YES;
				CLANG_ENABLE_OBJC_WEAK = YES;
				CLANG_WARN_BLOCK_CAPTURE_AUTORELEASING = YES;
				CLANG_WARN_BOOL_CONVERSION = YES;
				CLANG_WARN_COMMA = YES;
				CLANG_WARN_CONSTANT_CONVERSION = YES;
				CLANG_WARN_DEPRECATED_OBJC_IMPLEMENTATIONS = YES;
				CLANG_WARN_DIRECT_OBJC_ISA_USAGE = YES_ERROR;
				CLANG_WARN_DOCUMENTATION_COMMENTS = YES;
				CLANG_WARN_EMPTY_BODY = YES;
				CLANG_WARN_ENUM_CONVERSION = YES;
				CLANG_WARN_INFINITE_RECURSION = YES;
				CLANG_WARN_INT_CONVERSION = YES;
				CLANG_WARN_NON_LITERAL_NULL_CONVERSION = YES;
				CLANG_WARN_OBJC_IMPLICIT_RETAIN_SELF = YES;
				CLANG_WARN_OBJC_LITERAL_CONVERSION = YES;
				CLANG_WARN_OBJC_ROOT_CLASS = YES_ERROR;
				CLANG_WARN_RANGE_LOOP_ANALYSIS = YES;
				CLANG_WARN_STRICT_PROTOTYPES = YES;
				CLANG_WARN_SUSPICIOUS_MOVE = YES;
				CLANG_WARN_UNGUARDED_AVAILABILITY = YES_AGGRESSIVE;
				CLANG_WARN_UNREACHABLE_CODE = YES;
				CLANG_WARN__DUPLICATE_METHOD_MATCH = YES;
				CODE_SIGN_IDENTITY = "iPhone Developer";
				COPY_PHASE_STRIP = NO;
				DEBUG_INFORMATION_FORMAT = dwarf;
				ENABLE_STRICT_OBJC_MSGSEND = YES;
				ENABLE_TESTABILITY = YES;
				GCC_C_LANGUAGE_STANDARD = gnu11;
				GCC_DYNAMIC_NO_PIC = NO;
				GCC_NO_COMMON_BLOCKS = YES;
				GCC_OPTIMIZATION_LEVEL = 0;
				GCC_PREPROCESSOR_DEFINITIONS = (
					"DEBUG=1",
					"$(inherited)",
				);
				GCC_WARN_64_TO_32_BIT_CONVERSION = YES;
				GCC_WARN_ABOUT_RETURN_TYPE = YES_ERROR;
				GCC_WARN_UNDECLARED_SELECTOR = YES;
				GCC_WARN_UNINITIALIZED_AUTOS = YES_AGGRESSIVE;
				GCC_WARN_UNUSED_FUNCTION = YES;
				GCC_WARN_UNUSED_VARIABLE = YES;
				IPHONEOS_DEPLOYMENT_TARGET = 12.1;
				MTL_ENABLE_DEBUG_INFO = INCLUDE_SOURCE;
				MTL_FAST_MATH = YES;
				ONLY_ACTIVE_ARCH = YES;
				SDKROOT = iphoneos;
				SWIFT_ACTIVE_COMPILATION_CONDITIONS = DEBUG;
				SWIFT_OPTIMIZATION_LEVEL = "-Onone";
			};
			name = Debug;
		};
		0685D91721FE3B2300F1CEE5 /* Release */ = {
			isa = XCBuildConfiguration;
			buildSettings = {
				ALWAYS_EMBED_SWIFT_STANDARD_LIBRARIES = YES;
				ALWAYS_SEARCH_USER_PATHS = NO;
				CLANG_ANALYZER_NONNULL = YES;
				CLANG_ANALYZER_NUMBER_OBJECT_CONVERSION = YES_AGGRESSIVE;
				CLANG_CXX_LANGUAGE_STANDARD = "gnu++14";
				CLANG_CXX_LIBRARY = "libc++";
				CLANG_ENABLE_MODULES = YES;
				CLANG_ENABLE_OBJC_ARC = YES;
				CLANG_ENABLE_OBJC_WEAK = YES;
				CLANG_WARN_BLOCK_CAPTURE_AUTORELEASING = YES;
				CLANG_WARN_BOOL_CONVERSION = YES;
				CLANG_WARN_COMMA = YES;
				CLANG_WARN_CONSTANT_CONVERSION = YES;
				CLANG_WARN_DEPRECATED_OBJC_IMPLEMENTATIONS = YES;
				CLANG_WARN_DIRECT_OBJC_ISA_USAGE = YES_ERROR;
				CLANG_WARN_DOCUMENTATION_COMMENTS = YES;
				CLANG_WARN_EMPTY_BODY = YES;
				CLANG_WARN_ENUM_CONVERSION = YES;
				CLANG_WARN_INFINITE_RECURSION = YES;
				CLANG_WARN_INT_CONVERSION = YES;
				CLANG_WARN_NON_LITERAL_NULL_CONVERSION = YES;
				CLANG_WARN_OBJC_IMPLICIT_RETAIN_SELF = YES;
				CLANG_WARN_OBJC_LITERAL_CONVERSION = YES;
				CLANG_WARN_OBJC_ROOT_CLASS = YES_ERROR;
				CLANG_WARN_RANGE_LOOP_ANALYSIS = YES;
				CLANG_WARN_STRICT_PROTOTYPES = YES;
				CLANG_WARN_SUSPICIOUS_MOVE = YES;
				CLANG_WARN_UNGUARDED_AVAILABILITY = YES_AGGRESSIVE;
				CLANG_WARN_UNREACHABLE_CODE = YES;
				CLANG_WARN__DUPLICATE_METHOD_MATCH = YES;
				CODE_SIGN_IDENTITY = "iPhone Developer";
				COPY_PHASE_STRIP = NO;
				DEBUG_INFORMATION_FORMAT = "dwarf-with-dsym";
				ENABLE_NS_ASSERTIONS = NO;
				ENABLE_STRICT_OBJC_MSGSEND = YES;
				GCC_C_LANGUAGE_STANDARD = gnu11;
				GCC_NO_COMMON_BLOCKS = YES;
				GCC_WARN_64_TO_32_BIT_CONVERSION = YES;
				GCC_WARN_ABOUT_RETURN_TYPE = YES_ERROR;
				GCC_WARN_UNDECLARED_SELECTOR = YES;
				GCC_WARN_UNINITIALIZED_AUTOS = YES_AGGRESSIVE;
				GCC_WARN_UNUSED_FUNCTION = YES;
				GCC_WARN_UNUSED_VARIABLE = YES;
				IPHONEOS_DEPLOYMENT_TARGET = 12.1;
				MTL_ENABLE_DEBUG_INFO = NO;
				MTL_FAST_MATH = YES;
				SDKROOT = iphoneos;
				SWIFT_COMPILATION_MODE = wholemodule;
				SWIFT_OPTIMIZATION_LEVEL = "-O";
				VALIDATE_PRODUCT = YES;
			};
			name = Release;
		};
		0685D91921FE3B2300F1CEE5 /* Debug */ = {
			isa = XCBuildConfiguration;
			baseConfigurationReference = 4A5AA4CA4BEB64F5F3BEC469 /* Pods-StockQuote.debug.xcconfig */;
			buildSettings = {
				ASSETCATALOG_COMPILER_APPICON_NAME = AppIcon;
				CODE_SIGN_STYLE = Automatic;
				DEVELOPMENT_TEAM = QE6MX92YZ5;
				INFOPLIST_FILE = "$(SRCROOT)/StockQuote/Resources/Info.plist";
				LD_RUNPATH_SEARCH_PATHS = (
					"$(inherited)",
					"@executable_path/Frameworks",
				);
				PRODUCT_BUNDLE_IDENTIFIER = com.HuzaifaGadiwala.StockQuote;
				PRODUCT_NAME = "$(TARGET_NAME)";
				SWIFT_VERSION = 4.2;
				TARGETED_DEVICE_FAMILY = "1,2";
			};
			name = Debug;
		};
		0685D91A21FE3B2300F1CEE5 /* Release */ = {
			isa = XCBuildConfiguration;
			baseConfigurationReference = E1D6E4959E6DEF8771A1E905 /* Pods-StockQuote.release.xcconfig */;
			buildSettings = {
				ASSETCATALOG_COMPILER_APPICON_NAME = AppIcon;
				CODE_SIGN_STYLE = Automatic;
				DEVELOPMENT_TEAM = QE6MX92YZ5;
				INFOPLIST_FILE = "$(SRCROOT)/StockQuote/Resources/Info.plist";
				LD_RUNPATH_SEARCH_PATHS = (
					"$(inherited)",
					"@executable_path/Frameworks",
				);
				PRODUCT_BUNDLE_IDENTIFIER = com.HuzaifaGadiwala.StockQuote;
				PRODUCT_NAME = "$(TARGET_NAME)";
				SWIFT_VERSION = 4.2;
				TARGETED_DEVICE_FAMILY = "1,2";
			};
			name = Release;
		};
		0685D91C21FE3B2300F1CEE5 /* Debug */ = {
			isa = XCBuildConfiguration;
			baseConfigurationReference = D08971217744F6AD0AAD3CF5 /* Pods-StockQuoteTests.debug.xcconfig */;
			buildSettings = {
				ALWAYS_EMBED_SWIFT_STANDARD_LIBRARIES = YES;
				BUNDLE_LOADER = "$(TEST_HOST)";
				CODE_SIGN_STYLE = Automatic;
				DEVELOPMENT_TEAM = QE6MX92YZ5;
				INFOPLIST_FILE = StockQuoteTests/Info.plist;
				LD_RUNPATH_SEARCH_PATHS = (
					"$(inherited)",
					"@executable_path/Frameworks",
					"@loader_path/Frameworks",
				);
				PRODUCT_BUNDLE_IDENTIFIER = com.HuzaifaGadiwala.StockQuoteTests;
				PRODUCT_NAME = "$(TARGET_NAME)";
				SWIFT_VERSION = 4.2;
				TARGETED_DEVICE_FAMILY = "1,2";
				TEST_HOST = "$(BUILT_PRODUCTS_DIR)/StockQuote.app/StockQuote";
			};
			name = Debug;
		};
		0685D91D21FE3B2300F1CEE5 /* Release */ = {
			isa = XCBuildConfiguration;
			baseConfigurationReference = BD76B6961CD1BE83F9B30A79 /* Pods-StockQuoteTests.release.xcconfig */;
			buildSettings = {
				ALWAYS_EMBED_SWIFT_STANDARD_LIBRARIES = YES;
				BUNDLE_LOADER = "$(TEST_HOST)";
				CODE_SIGN_STYLE = Automatic;
				DEVELOPMENT_TEAM = QE6MX92YZ5;
				INFOPLIST_FILE = StockQuoteTests/Info.plist;
				LD_RUNPATH_SEARCH_PATHS = (
					"$(inherited)",
					"@executable_path/Frameworks",
					"@loader_path/Frameworks",
				);
				PRODUCT_BUNDLE_IDENTIFIER = com.HuzaifaGadiwala.StockQuoteTests;
				PRODUCT_NAME = "$(TARGET_NAME)";
				SWIFT_VERSION = 4.2;
				TARGETED_DEVICE_FAMILY = "1,2";
				TEST_HOST = "$(BUILT_PRODUCTS_DIR)/StockQuote.app/StockQuote";
			};
			name = Release;
		};
		0685D91F21FE3B2300F1CEE5 /* Debug */ = {
			isa = XCBuildConfiguration;
			baseConfigurationReference = 0F575F4462B8A05B18A9F732 /* Pods-StockQuoteUITests.debug.xcconfig */;
			buildSettings = {
				ALWAYS_EMBED_SWIFT_STANDARD_LIBRARIES = YES;
				CODE_SIGN_STYLE = Automatic;
				DEVELOPMENT_TEAM = QE6MX92YZ5;
				INFOPLIST_FILE = StockQuoteUITests/Info.plist;
				LD_RUNPATH_SEARCH_PATHS = (
					"$(inherited)",
					"@executable_path/Frameworks",
					"@loader_path/Frameworks",
				);
				PRODUCT_BUNDLE_IDENTIFIER = com.HuzaifaGadiwala.StockQuoteUITests;
				PRODUCT_NAME = "$(TARGET_NAME)";
				SWIFT_VERSION = 4.2;
				TARGETED_DEVICE_FAMILY = "1,2";
				TEST_TARGET_NAME = StockQuote;
			};
			name = Debug;
		};
		0685D92021FE3B2300F1CEE5 /* Release */ = {
			isa = XCBuildConfiguration;
			baseConfigurationReference = B48005CAC0C9F1076036A317 /* Pods-StockQuoteUITests.release.xcconfig */;
			buildSettings = {
				ALWAYS_EMBED_SWIFT_STANDARD_LIBRARIES = YES;
				CODE_SIGN_STYLE = Automatic;
				DEVELOPMENT_TEAM = QE6MX92YZ5;
				INFOPLIST_FILE = StockQuoteUITests/Info.plist;
				LD_RUNPATH_SEARCH_PATHS = (
					"$(inherited)",
					"@executable_path/Frameworks",
					"@loader_path/Frameworks",
				);
				PRODUCT_BUNDLE_IDENTIFIER = com.HuzaifaGadiwala.StockQuoteUITests;
				PRODUCT_NAME = "$(TARGET_NAME)";
				SWIFT_VERSION = 4.2;
				TARGETED_DEVICE_FAMILY = "1,2";
				TEST_TARGET_NAME = StockQuote;
			};
			name = Release;
		};
/* End XCBuildConfiguration section */

/* Begin XCConfigurationList section */
		0685D8EB21FE3B2100F1CEE5 /* Build configuration list for PBXProject "StockQuote" */ = {
			isa = XCConfigurationList;
			buildConfigurations = (
				0685D91621FE3B2300F1CEE5 /* Debug */,
				0685D91721FE3B2300F1CEE5 /* Release */,
			);
			defaultConfigurationIsVisible = 0;
			defaultConfigurationName = Release;
		};
		0685D91821FE3B2300F1CEE5 /* Build configuration list for PBXNativeTarget "StockQuote" */ = {
			isa = XCConfigurationList;
			buildConfigurations = (
				0685D91921FE3B2300F1CEE5 /* Debug */,
				0685D91A21FE3B2300F1CEE5 /* Release */,
			);
			defaultConfigurationIsVisible = 0;
			defaultConfigurationName = Release;
		};
		0685D91B21FE3B2300F1CEE5 /* Build configuration list for PBXNativeTarget "StockQuoteTests" */ = {
			isa = XCConfigurationList;
			buildConfigurations = (
				0685D91C21FE3B2300F1CEE5 /* Debug */,
				0685D91D21FE3B2300F1CEE5 /* Release */,
			);
			defaultConfigurationIsVisible = 0;
			defaultConfigurationName = Release;
		};
		0685D91E21FE3B2300F1CEE5 /* Build configuration list for PBXNativeTarget "StockQuoteUITests" */ = {
			isa = XCConfigurationList;
			buildConfigurations = (
				0685D91F21FE3B2300F1CEE5 /* Debug */,
				0685D92021FE3B2300F1CEE5 /* Release */,
			);
			defaultConfigurationIsVisible = 0;
			defaultConfigurationName = Release;
		};
/* End XCConfigurationList section */
	};
	rootObject = 0685D8E821FE3B2100F1CEE5 /* Project object */;
}
